
Microsoft Visual Studio Solution File, Format Version 12.00
# Visual Studio Version 17
VisualStudioVersion = 17.0.31903.59
MinimumVisualStudioVersion = 10.0.40219.1
Project("{2150E333-8FDC-42A3-9474-1A3956D46DE8}") = "libs", "libs", "{C77C024B-51F6-4CD2-92BA-38D3DBAC2FBD}"
EndProject
Project("{2150E333-8FDC-42A3-9474-1A3956D46DE8}") = "src", "src", "{B6D8BE08-8199-4257-8083-B4049F6BA822}"
EndProject
Project("{2150E333-8FDC-42A3-9474-1A3956D46DE8}") = "tools", "tools", "{392D4A6A-5A32-451D-AC14-8C0F5DC999A2}"
EndProject
Project("{FAE04EC0-301F-11D3-BF4B-00C04F79EFBC}") = "Pokemon.Core", "libs\Pokemon.Core\Pokemon.Core.csproj", "{06AE5F0B-D9B6-4E79-81A5-F1E49338D3D4}"
EndProject
Project("{FAE04EC0-301F-11D3-BF4B-00C04F79EFBC}") = "Pokemon.Protocol", "libs\Pokemon.Protocol\Pokemon.Protocol.csproj", "{095AB156-0125-4B33-B3D4-2434FC0838AF}"
EndProject
Project("{FAE04EC0-301F-11D3-BF4B-00C04F79EFBC}") = "Pokemon.Monogame", "libs\Pokemon.Monogame\Pokemon.Monogame.csproj", "{3F214B24-AD95-458C-8D22-B9C290A1B125}"
EndProject
Project("{FAE04EC0-301F-11D3-BF4B-00C04F79EFBC}") = "Pokemon.Client", "src\Pokemon.Client\Pokemon.Client.csproj", "{C2E5176B-2AF6-48D0-A6FD-AE2298849FD5}"
EndProject
Project("{FAE04EC0-301F-11D3-BF4B-00C04F79EFBC}") = "Pokemon.Server", "src\Pokemon.Server\Pokemon.Server.csproj", "{BFA189E8-E98F-45CC-BAD4-91BFBC2B2D03}"
EndProject
Global
	GlobalSection(SolutionConfigurationPlatforms) = preSolution
		Debug|Any CPU = Debug|Any CPU
		Release|Any CPU = Release|Any CPU
	EndGlobalSection
	GlobalSection(SolutionProperties) = preSolution
		HideSolutionNode = FALSE
	EndGlobalSection
	GlobalSection(NestedProjects) = preSolution
		{06AE5F0B-D9B6-4E79-81A5-F1E49338D3D4} = {C77C024B-51F6-4CD2-92BA-38D3DBAC2FBD}
		{095AB156-0125-4B33-B3D4-2434FC0838AF} = {C77C024B-51F6-4CD2-92BA-38D3DBAC2FBD}
		{3F214B24-AD95-458C-8D22-B9C290A1B125} = {C77C024B-51F6-4CD2-92BA-38D3DBAC2FBD}
		{C2E5176B-2AF6-48D0-A6FD-AE2298849FD5} = {B6D8BE08-8199-4257-8083-B4049F6BA822}
		{BFA189E8-E98F-45CC-BAD4-91BFBC2B2D03} = {B6D8BE08-8199-4257-8083-B4049F6BA822}
	EndGlobalSection
	GlobalSection(ProjectConfigurationPlatforms) = postSolution
		{06AE5F0B-D9B6-4E79-81A5-F1E49338D3D4}.Debug|Any CPU.ActiveCfg = Debug|Any CPU
		{06AE5F0B-D9B6-4E79-81A5-F1E49338D3D4}.Debug|Any CPU.Build.0 = Debug|Any CPU
		{06AE5F0B-D9B6-4E79-81A5-F1E49338D3D4}.Release|Any CPU.ActiveCfg = Release|Any CPU
		{06AE5F0B-D9B6-4E79-81A5-F1E49338D3D4}.Release|Any CPU.Build.0 = Release|Any CPU
		{095AB156-0125-4B33-B3D4-2434FC0838AF}.Debug|Any CPU.ActiveCfg = Debug|Any CPU
		{095AB156-0125-4B33-B3D4-2434FC0838AF}.Debug|Any CPU.Build.0 = Debug|Any CPU
		{095AB156-0125-4B33-B3D4-2434FC0838AF}.Release|Any CPU.ActiveCfg = Release|Any CPU
		{095AB156-0125-4B33-B3D4-2434FC0838AF}.Release|Any CPU.Build.0 = Release|Any CPU
		{3F214B24-AD95-458C-8D22-B9C290A1B125}.Debug|Any CPU.ActiveCfg = Debug|Any CPU
		{3F214B24-AD95-458C-8D22-B9C290A1B125}.Debug|Any CPU.Build.0 = Debug|Any CPU
		{3F214B24-AD95-458C-8D22-B9C290A1B125}.Release|Any CPU.ActiveCfg = Release|Any CPU
		{3F214B24-AD95-458C-8D22-B9C290A1B125}.Release|Any CPU.Build.0 = Release|Any CPU
		{C2E5176B-2AF6-48D0-A6FD-AE2298849FD5}.Debug|Any CPU.ActiveCfg = Debug|Any CPU
		{C2E5176B-2AF6-48D0-A6FD-AE2298849FD5}.Debug|Any CPU.Build.0 = Debug|Any CPU
		{C2E5176B-2AF6-48D0-A6FD-AE2298849FD5}.Release|Any CPU.ActiveCfg = Release|Any CPU
		{C2E5176B-2AF6-48D0-A6FD-AE2298849FD5}.Release|Any CPU.Build.0 = Release|Any CPU
		{BFA189E8-E98F-45CC-BAD4-91BFBC2B2D03}.Debug|Any CPU.ActiveCfg = Debug|Any CPU
		{BFA189E8-E98F-45CC-BAD4-91BFBC2B2D03}.Debug|Any CPU.Build.0 = Debug|Any CPU
		{BFA189E8-E98F-45CC-BAD4-91BFBC2B2D03}.Release|Any CPU.ActiveCfg = Release|Any CPU
		{BFA189E8-E98F-45CC-BAD4-91BFBC2B2D03}.Release|Any CPU.Build.0 = Release|Any CPU
	EndGlobalSection
EndGlobal
