
Microsoft Visual Studio Solution File, Format Version 12.00
# Visual Studio Version 17
VisualStudioVersion = 17.0.31903.59
MinimumVisualStudioVersion = 10.0.40219.1
Project("{2150E333-8FDC-42A3-9474-1A3956D46DE8}") = "libs", "libs", "{F17FB38A-FDE6-4A1E-92F5-FBB53F65F7EA}"
EndProject
Project("{2150E333-8FDC-42A3-9474-1A3956D46DE8}") = "src", "src", "{21BAD766-4F61-42BE-8F2F-5FF22927768B}"
EndProject
Project("{2150E333-8FDC-42A3-9474-1A3956D46DE8}") = "tools", "tools", "{5F6EF89F-A81D-4A50-9617-9D9D8DE9D71D}"
EndProject
Project("{FAE04EC0-301F-11D3-BF4B-00C04F79EFBC}") = "Pokemon.Core", "libs\Pokemon.Core\Pokemon.Core.csproj", "{4A5754BB-6979-4B2E-A00D-A0C9259880C7}"
EndProject
Project("{FAE04EC0-301F-11D3-BF4B-00C04F79EFBC}") = "Pokemon.Protocol", "libs\Pokemon.Protocol\Pokemon.Protocol.csproj", "{A1944558-3463-4783-9B1D-75A7426F1E26}"
EndProject
Project("{FAE04EC0-301F-11D3-BF4B-00C04F79EFBC}") = "Pokemon.Server", "src\Pokemon.Server\Pokemon.Server.csproj", "{34AD608F-1E00-4840-8F2B-0999898CBE2A}"
EndProject
Project("{FAE04EC0-301F-11D3-BF4B-00C04F79EFBC}") = "Pokemon.Engine", "libs\Pokemon.Engine\Pokemon.Engine.csproj", "{533D85E2-BA5F-4ACA-A210-8A4561B9F5A8}"
EndProject
Project("{FAE04EC0-301F-11D3-BF4B-00C04F79EFBC}") = "Pokemon.Client", "src\Pokemon.Client\Pokemon.Client.csproj", "{2E7ADF1A-9881-4E85-812E-2A809BBE97F3}"
EndProject
Project("{FAE04EC0-301F-11D3-BF4B-00C04F79EFBC}") = "Test", "src\Test\Test.csproj", "{CC01C39E-C93E-406C-AE86-42AA15D214BA}"
EndProject
Global
	GlobalSection(SolutionConfigurationPlatforms) = preSolution
		Debug|Any CPU = Debug|Any CPU
		Release|Any CPU = Release|Any CPU
	EndGlobalSection
	GlobalSection(SolutionProperties) = preSolution
		HideSolutionNode = FALSE
	EndGlobalSection
	GlobalSection(NestedProjects) = preSolution
		{4A5754BB-6979-4B2E-A00D-A0C9259880C7} = {F17FB38A-FDE6-4A1E-92F5-FBB53F65F7EA}
		{A1944558-3463-4783-9B1D-75A7426F1E26} = {F17FB38A-FDE6-4A1E-92F5-FBB53F65F7EA}
		{34AD608F-1E00-4840-8F2B-0999898CBE2A} = {21BAD766-4F61-42BE-8F2F-5FF22927768B}
		{533D85E2-BA5F-4ACA-A210-8A4561B9F5A8} = {F17FB38A-FDE6-4A1E-92F5-FBB53F65F7EA}
		{2E7ADF1A-9881-4E85-812E-2A809BBE97F3} = {21BAD766-4F61-42BE-8F2F-5FF22927768B}
		{CC01C39E-C93E-406C-AE86-42AA15D214BA} = {21BAD766-4F61-42BE-8F2F-5FF22927768B}
	EndGlobalSection
	GlobalSection(ProjectConfigurationPlatforms) = postSolution
		{4A5754BB-6979-4B2E-A00D-A0C9259880C7}.Debug|Any CPU.ActiveCfg = Debug|Any CPU
		{4A5754BB-6979-4B2E-A00D-A0C9259880C7}.Debug|Any CPU.Build.0 = Debug|Any CPU
		{4A5754BB-6979-4B2E-A00D-A0C9259880C7}.Release|Any CPU.ActiveCfg = Release|Any CPU
		{4A5754BB-6979-4B2E-A00D-A0C9259880C7}.Release|Any CPU.Build.0 = Release|Any CPU
		{A1944558-3463-4783-9B1D-75A7426F1E26}.Debug|Any CPU.ActiveCfg = Debug|Any CPU
		{A1944558-3463-4783-9B1D-75A7426F1E26}.Debug|Any CPU.Build.0 = Debug|Any CPU
		{A1944558-3463-4783-9B1D-75A7426F1E26}.Release|Any CPU.ActiveCfg = Release|Any CPU
		{A1944558-3463-4783-9B1D-75A7426F1E26}.Release|Any CPU.Build.0 = Release|Any CPU
		{34AD608F-1E00-4840-8F2B-0999898CBE2A}.Debug|Any CPU.ActiveCfg = Debug|Any CPU
		{34AD608F-1E00-4840-8F2B-0999898CBE2A}.Debug|Any CPU.Build.0 = Debug|Any CPU
		{34AD608F-1E00-4840-8F2B-0999898CBE2A}.Release|Any CPU.ActiveCfg = Release|Any CPU
		{34AD608F-1E00-4840-8F2B-0999898CBE2A}.Release|Any CPU.Build.0 = Release|Any CPU
		{533D85E2-BA5F-4ACA-A210-8A4561B9F5A8}.Debug|Any CPU.ActiveCfg = Debug|Any CPU
		{533D85E2-BA5F-4ACA-A210-8A4561B9F5A8}.Debug|Any CPU.Build.0 = Debug|Any CPU
		{533D85E2-BA5F-4ACA-A210-8A4561B9F5A8}.Release|Any CPU.ActiveCfg = Release|Any CPU
		{533D85E2-BA5F-4ACA-A210-8A4561B9F5A8}.Release|Any CPU.Build.0 = Release|Any CPU
		{2E7ADF1A-9881-4E85-812E-2A809BBE97F3}.Debug|Any CPU.ActiveCfg = Debug|Any CPU
		{2E7ADF1A-9881-4E85-812E-2A809BBE97F3}.Debug|Any CPU.Build.0 = Debug|Any CPU
		{2E7ADF1A-9881-4E85-812E-2A809BBE97F3}.Release|Any CPU.ActiveCfg = Release|Any CPU
		{2E7ADF1A-9881-4E85-812E-2A809BBE97F3}.Release|Any CPU.Build.0 = Release|Any CPU
		{CC01C39E-C93E-406C-AE86-42AA15D214BA}.Debug|Any CPU.ActiveCfg = Debug|Any CPU
		{CC01C39E-C93E-406C-AE86-42AA15D214BA}.Debug|Any CPU.Build.0 = Debug|Any CPU
		{CC01C39E-C93E-406C-AE86-42AA15D214BA}.Release|Any CPU.ActiveCfg = Release|Any CPU
		{CC01C39E-C93E-406C-AE86-42AA15D214BA}.Release|Any CPU.Build.0 = Release|Any CPU
	EndGlobalSection
EndGlobal
