
Microsoft Visual Studio Solution File, Format Version 12.00
# Visual Studio Version 17
VisualStudioVersion = 17.0.31903.59
MinimumVisualStudioVersion = 10.0.40219.1
Project("{2150E333-8FDC-42A3-9474-1A3956D46DE8}") = "libs", "libs", "{F17FB38A-FDE6-4A1E-92F5-FBB53F65F7EA}"
EndProject
Project("{2150E333-8FDC-42A3-9474-1A3956D46DE8}") = "src", "src", "{21BAD766-4F61-42BE-8F2F-5FF22927768B}"
EndProject
Project("{2150E333-8FDC-42A3-9474-1A3956D46DE8}") = "tools", "tools", "{5F6EF89F-A81D-4A50-9617-9D9D8DE9D71D}"
EndProject
Project("{FAE04EC0-301F-11D3-BF4B-00C04F79EFBC}") = "Pokemon.Core", "libs\Pokemon.Core\Pokemon.Core.csproj", "{4A5754BB-6979-4B2E-A00D-A0C9259880C7}"
EndProject
Project("{FAE04EC0-301F-11D3-BF4B-00C04F79EFBC}") = "Pokemon.Engine", "libs\Pokemon.Engine\Pokemon.Engine.csproj", "{03351FA2-F01E-432A-B1B7-E35FED62D651}"
EndProject
Project("{FAE04EC0-301F-11D3-BF4B-00C04F79EFBC}") = "Pokemon.Protocol", "libs\Pokemon.Protocol\Pokemon.Protocol.csproj", "{A1944558-3463-4783-9B1D-75A7426F1E26}"
EndProject
Project("{FAE04EC0-301F-11D3-BF4B-00C04F79EFBC}") = "Pokemon.Client", "src\Pokemon.Client\Pokemon.Client.csproj", "{FCE9CF0D-DCB4-42FE-84FA-FBEEC8E35A41}"
EndProject
Project("{FAE04EC0-301F-11D3-BF4B-00C04F79EFBC}") = "Pokemon.Server", "src\Pokemon.Server\Pokemon.Server.csproj", "{34AD608F-1E00-4840-8F2B-0999898CBE2A}"
EndProject
Global
	GlobalSection(SolutionConfigurationPlatforms) = preSolution
		Debug|Any CPU = Debug|Any CPU
		Release|Any CPU = Release|Any CPU
	EndGlobalSection
	GlobalSection(SolutionProperties) = preSolution
		HideSolutionNode = FALSE
	EndGlobalSection
	GlobalSection(NestedProjects) = preSolution
		{4A5754BB-6979-4B2E-A00D-A0C9259880C7} = {F17FB38A-FDE6-4A1E-92F5-FBB53F65F7EA}
		{03351FA2-F01E-432A-B1B7-E35FED62D651} = {F17FB38A-FDE6-4A1E-92F5-FBB53F65F7EA}
		{A1944558-3463-4783-9B1D-75A7426F1E26} = {F17FB38A-FDE6-4A1E-92F5-FBB53F65F7EA}
		{FCE9CF0D-DCB4-42FE-84FA-FBEEC8E35A41} = {21BAD766-4F61-42BE-8F2F-5FF22927768B}
		{34AD608F-1E00-4840-8F2B-0999898CBE2A} = {21BAD766-4F61-42BE-8F2F-5FF22927768B}
	EndGlobalSection
	GlobalSection(ProjectConfigurationPlatforms) = postSolution
		{4A5754BB-6979-4B2E-A00D-A0C9259880C7}.Debug|Any CPU.ActiveCfg = Debug|Any CPU
		{4A5754BB-6979-4B2E-A00D-A0C9259880C7}.Debug|Any CPU.Build.0 = Debug|Any CPU
		{4A5754BB-6979-4B2E-A00D-A0C9259880C7}.Release|Any CPU.ActiveCfg = Release|Any CPU
		{4A5754BB-6979-4B2E-A00D-A0C9259880C7}.Release|Any CPU.Build.0 = Release|Any CPU
		{03351FA2-F01E-432A-B1B7-E35FED62D651}.Debug|Any CPU.ActiveCfg = Debug|Any CPU
		{03351FA2-F01E-432A-B1B7-E35FED62D651}.Debug|Any CPU.Build.0 = Debug|Any CPU
		{03351FA2-F01E-432A-B1B7-E35FED62D651}.Release|Any CPU.ActiveCfg = Release|Any CPU
		{03351FA2-F01E-432A-B1B7-E35FED62D651}.Release|Any CPU.Build.0 = Release|Any CPU
		{A1944558-3463-4783-9B1D-75A7426F1E26}.Debug|Any CPU.ActiveCfg = Debug|Any CPU
		{A1944558-3463-4783-9B1D-75A7426F1E26}.Debug|Any CPU.Build.0 = Debug|Any CPU
		{A1944558-3463-4783-9B1D-75A7426F1E26}.Release|Any CPU.ActiveCfg = Release|Any CPU
		{A1944558-3463-4783-9B1D-75A7426F1E26}.Release|Any CPU.Build.0 = Release|Any CPU
		{FCE9CF0D-DCB4-42FE-84FA-FBEEC8E35A41}.Debug|Any CPU.ActiveCfg = Debug|Any CPU
		{FCE9CF0D-DCB4-42FE-84FA-FBEEC8E35A41}.Debug|Any CPU.Build.0 = Debug|Any CPU
		{FCE9CF0D-DCB4-42FE-84FA-FBEEC8E35A41}.Release|Any CPU.ActiveCfg = Release|Any CPU
		{FCE9CF0D-DCB4-42FE-84FA-FBEEC8E35A41}.Release|Any CPU.Build.0 = Release|Any CPU
		{34AD608F-1E00-4840-8F2B-0999898CBE2A}.Debug|Any CPU.ActiveCfg = Debug|Any CPU
		{34AD608F-1E00-4840-8F2B-0999898CBE2A}.Debug|Any CPU.Build.0 = Debug|Any CPU
		{34AD608F-1E00-4840-8F2B-0999898CBE2A}.Release|Any CPU.ActiveCfg = Release|Any CPU
		{34AD608F-1E00-4840-8F2B-0999898CBE2A}.Release|Any CPU.Build.0 = Release|Any CPU
	EndGlobalSection
EndGlobal
